
Microsoft Visual Studio Solution File, Format Version 12.00
# Visual Studio 15
VisualStudioVersion = 15.0.26730.10
MinimumVisualStudioVersion = 10.0.40219.1
Project("{2150E333-8FDC-42A3-9474-1A3956D46DE8}") = "src", "src", "{545155EB-9E57-4391-97E7-9F5209B24BAA}"
EndProject
Project("{2150E333-8FDC-42A3-9474-1A3956D46DE8}") = "test", "test", "{ECAB93B4-2D2C-4CB6-B708-C6FF61AB16AF}"
EndProject
Project("{2150E333-8FDC-42A3-9474-1A3956D46DE8}") = "api", "api", "{CDCFC10E-AF99-4977-B2DB-08CFD99438E1}"
EndProject
Project("{FAE04EC0-301F-11D3-BF4B-00C04F79EFBC}") = "Microservice.Communcation", "src\Microservice.Communcation\Microservice.Communcation.csproj", "{1E05E494-E812-469E-9294-D93E8862A2CC}"
EndProject
Project("{9A19103F-16F7-4668-BE54-9A1E7A4F7556}") = "Microservice.Communication.Controllers", "src\Microservice.Communication.Controllers\Microservice.Communication.Controllers.csproj", "{27BA7857-9367-4DD8-B26B-73C95B15F60B}"
EndProject
Project("{9A19103F-16F7-4668-BE54-9A1E7A4F7556}") = "Microservice.Data.Common", "src\Microservice.Data.Common\Microservice.Data.Common.csproj", "{158ECCA9-01F2-429C-849A-68D5E3A35B69}"
EndProject
Project("{FAE04EC0-301F-11D3-BF4B-00C04F79EFBC}") = "Microservice.Data.Common.Test", "test\Microservice.Data.Common.Test\Microservice.Data.Common.Test.csproj", "{1B796F98-B60D-43F1-B6B4-F310B38312CC}"
EndProject
Global
	GlobalSection(SolutionConfigurationPlatforms) = preSolution
		Debug|Any CPU = Debug|Any CPU
		Release|Any CPU = Release|Any CPU
	EndGlobalSection
	GlobalSection(ProjectConfigurationPlatforms) = postSolution
		{1E05E494-E812-469E-9294-D93E8862A2CC}.Debug|Any CPU.ActiveCfg = Debug|Any CPU
		{1E05E494-E812-469E-9294-D93E8862A2CC}.Debug|Any CPU.Build.0 = Debug|Any CPU
		{1E05E494-E812-469E-9294-D93E8862A2CC}.Release|Any CPU.ActiveCfg = Release|Any CPU
		{1E05E494-E812-469E-9294-D93E8862A2CC}.Release|Any CPU.Build.0 = Release|Any CPU
		{27BA7857-9367-4DD8-B26B-73C95B15F60B}.Debug|Any CPU.ActiveCfg = Debug|Any CPU
		{27BA7857-9367-4DD8-B26B-73C95B15F60B}.Debug|Any CPU.Build.0 = Debug|Any CPU
		{27BA7857-9367-4DD8-B26B-73C95B15F60B}.Release|Any CPU.ActiveCfg = Release|Any CPU
		{27BA7857-9367-4DD8-B26B-73C95B15F60B}.Release|Any CPU.Build.0 = Release|Any CPU
		{158ECCA9-01F2-429C-849A-68D5E3A35B69}.Debug|Any CPU.ActiveCfg = Debug|Any CPU
		{158ECCA9-01F2-429C-849A-68D5E3A35B69}.Debug|Any CPU.Build.0 = Debug|Any CPU
		{158ECCA9-01F2-429C-849A-68D5E3A35B69}.Release|Any CPU.ActiveCfg = Release|Any CPU
		{158ECCA9-01F2-429C-849A-68D5E3A35B69}.Release|Any CPU.Build.0 = Release|Any CPU
		{1B796F98-B60D-43F1-B6B4-F310B38312CC}.Debug|Any CPU.ActiveCfg = Debug|Any CPU
		{1B796F98-B60D-43F1-B6B4-F310B38312CC}.Debug|Any CPU.Build.0 = Debug|Any CPU
		{1B796F98-B60D-43F1-B6B4-F310B38312CC}.Release|Any CPU.ActiveCfg = Release|Any CPU
		{1B796F98-B60D-43F1-B6B4-F310B38312CC}.Release|Any CPU.Build.0 = Release|Any CPU
	EndGlobalSection
	GlobalSection(SolutionProperties) = preSolution
		HideSolutionNode = FALSE
	EndGlobalSection
	GlobalSection(NestedProjects) = preSolution
		{CDCFC10E-AF99-4977-B2DB-08CFD99438E1} = {545155EB-9E57-4391-97E7-9F5209B24BAA}
		{1E05E494-E812-469E-9294-D93E8862A2CC} = {CDCFC10E-AF99-4977-B2DB-08CFD99438E1}
		{27BA7857-9367-4DD8-B26B-73C95B15F60B} = {CDCFC10E-AF99-4977-B2DB-08CFD99438E1}
		{158ECCA9-01F2-429C-849A-68D5E3A35B69} = {CDCFC10E-AF99-4977-B2DB-08CFD99438E1}
		{1B796F98-B60D-43F1-B6B4-F310B38312CC} = {ECAB93B4-2D2C-4CB6-B708-C6FF61AB16AF}
	EndGlobalSection
	GlobalSection(ExtensibilityGlobals) = postSolution
		SolutionGuid = {CE726A48-CCD4-493D-BF76-B68FC2AF70D5}
	EndGlobalSection
EndGlobal
